
Microsoft Visual Studio Solution File, Format Version 12.00
# Visual Studio Version 17
VisualStudioVersion = 17.14.36109.1 d17.14
MinimumVisualStudioVersion = 10.0.40219.1
Project("{FAE04EC0-301F-11D3-BF4B-00C04F79EFBC}") = "06_ForEachApp", "06_ForEachApp\06_ForEachApp.csproj", "{3B79427E-01A7-4A5E-8E92-63F5E9AA1B94}"
EndProject
Global
	GlobalSection(SolutionConfigurationPlatforms) = preSolution
		Debug|Any CPU = Debug|Any CPU
		Release|Any CPU = Release|Any CPU
	EndGlobalSection
	GlobalSection(ProjectConfigurationPlatforms) = postSolution
		{3B79427E-01A7-4A5E-8E92-63F5E9AA1B94}.Debug|Any CPU.ActiveCfg = Debug|Any CPU
		{3B79427E-01A7-4A5E-8E92-63F5E9AA1B94}.Debug|Any CPU.Build.0 = Debug|Any CPU
		{3B79427E-01A7-4A5E-8E92-63F5E9AA1B94}.Release|Any CPU.ActiveCfg = Release|Any CPU
		{3B79427E-01A7-4A5E-8E92-63F5E9AA1B94}.Release|Any CPU.Build.0 = Release|Any CPU
	EndGlobalSection
	GlobalSection(SolutionProperties) = preSolution
		HideSolutionNode = FALSE
	EndGlobalSection
	GlobalSection(ExtensibilityGlobals) = postSolution
		SolutionGuid = {3B557C7D-EC7D-4C02-8FC6-688650F95BC6}
	EndGlobalSection
EndGlobal
